// !$*UTF8*$!
{
	archiveVersion = 1;
	classes = {
	};
	objectVersion = 55;
	objects = {

/* Begin PBXBuildFile section */
		DE82771A2775AD5800C4F17D /* UIImageExtension.swift in Sources */ = {isa = PBXBuildFile; fileRef = DE8277192775AD5800C4F17D /* UIImageExtension.swift */; };
		DE992E2E2767370C00D1295E /* AppDelegate.swift in Sources */ = {isa = PBXBuildFile; fileRef = DE992E2D2767370C00D1295E /* AppDelegate.swift */; };
		DE992E302767370C00D1295E /* SceneDelegate.swift in Sources */ = {isa = PBXBuildFile; fileRef = DE992E2F2767370C00D1295E /* SceneDelegate.swift */; };
		DE992E322767370C00D1295E /* ViewController.swift in Sources */ = {isa = PBXBuildFile; fileRef = DE992E312767370C00D1295E /* ViewController.swift */; };
		DE992E352767370C00D1295E /* Main.storyboard in Resources */ = {isa = PBXBuildFile; fileRef = DE992E332767370C00D1295E /* Main.storyboard */; };
		DE992E372767371000D1295E /* Assets.xcassets in Resources */ = {isa = PBXBuildFile; fileRef = DE992E362767371000D1295E /* Assets.xcassets */; };
		DE992E3A2767371000D1295E /* LaunchScreen.storyboard in Resources */ = {isa = PBXBuildFile; fileRef = DE992E382767371000D1295E /* LaunchScreen.storyboard */; };
		DE992E422767392300D1295E /* CryptoTableViewCell.swift in Sources */ = {isa = PBXBuildFile; fileRef = DE992E412767392300D1295E /* CryptoTableViewCell.swift */; };
		DE992E4827673B0E00D1295E /* CryptoCurreny.swift in Sources */ = {isa = PBXBuildFile; fileRef = DE992E4727673B0E00D1295E /* CryptoCurreny.swift */; };
		DE992E4A27673C3200D1295E /* WebService.swift in Sources */ = {isa = PBXBuildFile; fileRef = DE992E4927673C3200D1295E /* WebService.swift */; };
		DE992E4C2769231C00D1295E /* CryptoViewModel.swift in Sources */ = {isa = PBXBuildFile; fileRef = DE992E4B2769231C00D1295E /* CryptoViewModel.swift */; };
/* End PBXBuildFile section */

/* Begin PBXFileReference section */
		DE8277192775AD5800C4F17D /* UIImageExtension.swift */ = {isa = PBXFileReference; lastKnownFileType = sourcecode.swift; path = UIImageExtension.swift; sourceTree = "<group>"; };
		DE992E2A2767370C00D1295E /* CryptoFollow.app */ = {isa = PBXFileReference; explicitFileType = wrapper.application; includeInIndex = 0; path = CryptoFollow.app; sourceTree = BUILT_PRODUCTS_DIR; };
		DE992E2D2767370C00D1295E /* AppDelegate.swift */ = {isa = PBXFileReference; lastKnownFileType = sourcecode.swift; path = AppDelegate.swift; sourceTree = "<group>"; };
		DE992E2F2767370C00D1295E /* SceneDelegate.swift */ = {isa = PBXFileReference; lastKnownFileType = sourcecode.swift; path = SceneDelegate.swift; sourceTree = "<group>"; };
		DE992E312767370C00D1295E /* ViewController.swift */ = {isa = PBXFileReference; lastKnownFileType = sourcecode.swift; path = ViewController.swift; sourceTree = "<group>"; };
		DE992E342767370C00D1295E /* Base */ = {isa = PBXFileReference; lastKnownFileType = file.storyboard; name = Base; path = Base.lproj/Main.storyboard; sourceTree = "<group>"; };
		DE992E362767371000D1295E /* Assets.xcassets */ = {isa = PBXFileReference; lastKnownFileType = folder.assetcatalog; path = Assets.xcassets; sourceTree = "<group>"; };
		DE992E392767371000D1295E /* Base */ = {isa = PBXFileReference; lastKnownFileType = file.storyboard; name = Base; path = Base.lproj/LaunchScreen.storyboard; sourceTree = "<group>"; };
		DE992E3B2767371000D1295E /* Info.plist */ = {isa = PBXFileReference; lastKnownFileType = text.plist.xml; path = Info.plist; sourceTree = "<group>"; };
		DE992E412767392300D1295E /* CryptoTableViewCell.swift */ = {isa = PBXFileReference; lastKnownFileType = sourcecode.swift; path = CryptoTableViewCell.swift; sourceTree = "<group>"; };
		DE992E4727673B0E00D1295E /* CryptoCurreny.swift */ = {isa = PBXFileReference; lastKnownFileType = sourcecode.swift; path = CryptoCurreny.swift; sourceTree = "<group>"; };
		DE992E4927673C3200D1295E /* WebService.swift */ = {isa = PBXFileReference; lastKnownFileType = sourcecode.swift; path = WebService.swift; sourceTree = "<group>"; };
		DE992E4B2769231C00D1295E /* CryptoViewModel.swift */ = {isa = PBXFileReference; lastKnownFileType = sourcecode.swift; path = CryptoViewModel.swift; sourceTree = "<group>"; };
/* End PBXFileReference section */

/* Begin PBXFrameworksBuildPhase section */
		DE992E272767370C00D1295E /* Frameworks */ = {
			isa = PBXFrameworksBuildPhase;
			buildActionMask = 2147483647;
			files = (
			);
			runOnlyForDeploymentPostprocessing = 0;
		};
/* End PBXFrameworksBuildPhase section */

/* Begin PBXGroup section */
		DE8277182775AD2F00C4F17D /* Helpers */ = {
			isa = PBXGroup;
			children = (
				DE8277192775AD5800C4F17D /* UIImageExtension.swift */,
			);
			path = Helpers;
			sourceTree = "<group>";
		};
		DE992E212767370C00D1295E = {
			isa = PBXGroup;
			children = (
				DE992E2C2767370C00D1295E /* CryptoFollow */,
				DE992E2B2767370C00D1295E /* Products */,
			);
			sourceTree = "<group>";
		};
		DE992E2B2767370C00D1295E /* Products */ = {
			isa = PBXGroup;
			children = (
				DE992E2A2767370C00D1295E /* CryptoFollow.app */,
			);
			name = Products;
			sourceTree = "<group>";
		};
		DE992E2C2767370C00D1295E /* CryptoFollow */ = {
			isa = PBXGroup;
			children = (
				DE8277182775AD2F00C4F17D /* Helpers */,
				DE992E4627673AB200D1295E /* Service */,
				DE992E4527673AA900D1295E /* ViewModel */,
				DE992E4427673A9500D1295E /* Model */,
				DE992E4327673A7B00D1295E /* View */,
				DE992E332767370C00D1295E /* Main.storyboard */,
				DE992E362767371000D1295E /* Assets.xcassets */,
				DE992E382767371000D1295E /* LaunchScreen.storyboard */,
				DE992E3B2767371000D1295E /* Info.plist */,
			);
			path = CryptoFollow;
			sourceTree = "<group>";
		};
		DE992E4327673A7B00D1295E /* View */ = {
			isa = PBXGroup;
			children = (
				DE992E2D2767370C00D1295E /* AppDelegate.swift */,
				DE992E2F2767370C00D1295E /* SceneDelegate.swift */,
				DE992E312767370C00D1295E /* ViewController.swift */,
				DE992E412767392300D1295E /* CryptoTableViewCell.swift */,
			);
			path = View;
			sourceTree = "<group>";
		};
		DE992E4427673A9500D1295E /* Model */ = {
			isa = PBXGroup;
			children = (
				DE992E4727673B0E00D1295E /* CryptoCurreny.swift */,
			);
			path = Model;
			sourceTree = "<group>";
		};
		DE992E4527673AA900D1295E /* ViewModel */ = {
			isa = PBXGroup;
			children = (
				DE992E4B2769231C00D1295E /* CryptoViewModel.swift */,
			);
			path = ViewModel;
			sourceTree = "<group>";
		};
		DE992E4627673AB200D1295E /* Service */ = {
			isa = PBXGroup;
			children = (
				DE992E4927673C3200D1295E /* WebService.swift */,
			);
			path = Service;
			sourceTree = "<group>";
		};
/* End PBXGroup section */

/* Begin PBXNativeTarget section */
		DE992E292767370C00D1295E /* CryptoFollow */ = {
			isa = PBXNativeTarget;
			buildConfigurationList = DE992E3E2767371000D1295E /* Build configuration list for PBXNativeTarget "CryptoFollow" */;
			buildPhases = (
				DE992E262767370C00D1295E /* Sources */,
				DE992E272767370C00D1295E /* Frameworks */,
				DE992E282767370C00D1295E /* Resources */,
			);
			buildRules = (
			);
			dependencies = (
			);
			name = CryptoFollow;
			productName = CryptoFollow;
			productReference = DE992E2A2767370C00D1295E /* CryptoFollow.app */;
			productType = "com.apple.product-type.application";
		};
/* End PBXNativeTarget section */

/* Begin PBXProject section */
		DE992E222767370C00D1295E /* Project object */ = {
			isa = PBXProject;
			attributes = {
				BuildIndependentTargetsInParallel = 1;
				LastSwiftUpdateCheck = 1300;
				LastUpgradeCheck = 1300;
				TargetAttributes = {
					DE992E292767370C00D1295E = {
						CreatedOnToolsVersion = 13.0;
					};
				};
			};
			buildConfigurationList = DE992E252767370C00D1295E /* Build configuration list for PBXProject "CryptoFollow" */;
			compatibilityVersion = "Xcode 13.0";
			developmentRegion = en;
			hasScannedForEncodings = 0;
			knownRegions = (
				en,
				Base,
			);
			mainGroup = DE992E212767370C00D1295E;
			productRefGroup = DE992E2B2767370C00D1295E /* Products */;
			projectDirPath = "";
			projectRoot = "";
			targets = (
				DE992E292767370C00D1295E /* CryptoFollow */,
			);
		};
/* End PBXProject section */

/* Begin PBXResourcesBuildPhase section */
		DE992E282767370C00D1295E /* Resources */ = {
			isa = PBXResourcesBuildPhase;
			buildActionMask = 2147483647;
			files = (
				DE992E3A2767371000D1295E /* LaunchScreen.storyboard in Resources */,
				DE992E372767371000D1295E /* Assets.xcassets in Resources */,
				DE992E352767370C00D1295E /* Main.storyboard in Resources */,
			);
			runOnlyForDeploymentPostprocessing = 0;
		};
/* End PBXResourcesBuildPhase section */

/* Begin PBXSourcesBuildPhase section */
		DE992E262767370C00D1295E /* Sources */ = {
			isa = PBXSourcesBuildPhase;
			buildActionMask = 2147483647;
			files = (
				DE992E4A27673C3200D1295E /* WebService.swift in Sources */,
				DE992E422767392300D1295E /* CryptoTableViewCell.swift in Sources */,
				DE992E4827673B0E00D1295E /* CryptoCurreny.swift in Sources */,
				DE992E4C2769231C00D1295E /* CryptoViewModel.swift in Sources */,
				DE992E322767370C00D1295E /* ViewController.swift in Sources */,
				DE992E2E2767370C00D1295E /* AppDelegate.swift in Sources */,
				DE992E302767370C00D1295E /* SceneDelegate.swift in Sources */,
				DE82771A2775AD5800C4F17D /* UIImageExtension.swift in Sources */,
			);
			runOnlyForDeploymentPostprocessing = 0;
		};
/* End PBXSourcesBuildPhase section */

/* Begin PBXVariantGroup section */
		DE992E332767370C00D1295E /* Main.storyboard */ = {
			isa = PBXVariantGroup;
			children = (
				DE992E342767370C00D1295E /* Base */,
			);
			name = Main.storyboard;
			sourceTree = "<group>";
		};
		DE992E382767371000D1295E /* LaunchScreen.storyboard */ = {
			isa = PBXVariantGroup;
			children = (
				DE992E392767371000D1295E /* Base */,
			);
			name = LaunchScreen.storyboard;
			sourceTree = "<group>";
		};
/* End PBXVariantGroup section */

/* Begin XCBuildConfiguration section */
		DE992E3C2767371000D1295E /* Debug */ = {
			isa = XCBuildConfiguration;
			buildSettings = {
				ALWAYS_SEARCH_USER_PATHS = NO;
				CLANG_ANALYZER_NONNULL = YES;
				CLANG_ANALYZER_NUMBER_OBJECT_CONVERSION = YES_AGGRESSIVE;
				CLANG_CXX_LANGUAGE_STANDARD = "gnu++17";
				CLANG_CXX_LIBRARY = "libc++";
				CLANG_ENABLE_MODULES = YES;
				CLANG_ENABLE_OBJC_ARC = YES;
				CLANG_ENABLE_OBJC_WEAK = YES;
				CLANG_WARN_BLOCK_CAPTURE_AUTORELEASING = YES;
				CLANG_WARN_BOOL_CONVERSION = YES;
				CLANG_WARN_COMMA = YES;
				CLANG_WARN_CONSTANT_CONVERSION = YES;
				CLANG_WARN_DEPRECATED_OBJC_IMPLEMENTATIONS = YES;
				CLANG_WARN_DIRECT_OBJC_ISA_USAGE = YES_ERROR;
				CLANG_WARN_DOCUMENTATION_COMMENTS = YES;
				CLANG_WARN_EMPTY_BODY = YES;
				CLANG_WARN_ENUM_CONVERSION = YES;
				CLANG_WARN_INFINITE_RECURSION = YES;
				CLANG_WARN_INT_CONVERSION = YES;
				CLANG_WARN_NON_LITERAL_NULL_CONVERSION = YES;
				CLANG_WARN_OBJC_IMPLICIT_RETAIN_SELF = YES;
				CLANG_WARN_OBJC_LITERAL_CONVERSION = YES;
				CLANG_WARN_OBJC_ROOT_CLASS = YES_ERROR;
				CLANG_WARN_QUOTED_INCLUDE_IN_FRAMEWORK_HEADER = YES;
				CLANG_WARN_RANGE_LOOP_ANALYSIS = YES;
				CLANG_WARN_STRICT_PROTOTYPES = YES;
				CLANG_WARN_SUSPICIOUS_MOVE = YES;
				CLANG_WARN_UNGUARDED_AVAILABILITY = YES_AGGRESSIVE;
				CLANG_WARN_UNREACHABLE_CODE = YES;
				CLANG_WARN__DUPLICATE_METHOD_MATCH = YES;
				COPY_PHASE_STRIP = NO;
				DEBUG_INFORMATION_FORMAT = dwarf;
				ENABLE_STRICT_OBJC_MSGSEND = YES;
				ENABLE_TESTABILITY = YES;
				GCC_C_LANGUAGE_STANDARD = gnu11;
				GCC_DYNAMIC_NO_PIC = NO;
				GCC_NO_COMMON_BLOCKS = YES;
				GCC_OPTIMIZATION_LEVEL = 0;
				GCC_PREPROCESSOR_DEFINITIONS = (
					"DEBUG=1",
					"$(inherited)",
				);
				GCC_WARN_64_TO_32_BIT_CONVERSION = YES;
				GCC_WARN_ABOUT_RETURN_TYPE = YES_ERROR;
				GCC_WARN_UNDECLARED_SELECTOR = YES;
				GCC_WARN_UNINITIALIZED_AUTOS = YES_AGGRESSIVE;
				GCC_WARN_UNUSED_FUNCTION = YES;
				GCC_WARN_UNUSED_VARIABLE = YES;
				IPHONEOS_DEPLOYMENT_TARGET = 15.0;
				MTL_ENABLE_DEBUG_INFO = INCLUDE_SOURCE;
				MTL_FAST_MATH = YES;
				ONLY_ACTIVE_ARCH = YES;
				SDKROOT = iphoneos;
				SWIFT_ACTIVE_COMPILATION_CONDITIONS = DEBUG;
				SWIFT_OPTIMIZATION_LEVEL = "-Onone";
			};
			name = Debug;
		};
		DE992E3D2767371000D1295E /* Release */ = {
			isa = XCBuildConfiguration;
			buildSettings = {
				ALWAYS_SEARCH_USER_PATHS = NO;
				CLANG_ANALYZER_NONNULL = YES;
				CLANG_ANALYZER_NUMBER_OBJECT_CONVERSION = YES_AGGRESSIVE;
				CLANG_CXX_LANGUAGE_STANDARD = "gnu++17";
				CLANG_CXX_LIBRARY = "libc++";
				CLANG_ENABLE_MODULES = YES;
				CLANG_ENABLE_OBJC_ARC = YES;
				CLANG_ENABLE_OBJC_WEAK = YES;
				CLANG_WARN_BLOCK_CAPTURE_AUTORELEASING = YES;
				CLANG_WARN_BOOL_CONVERSION = YES;
				CLANG_WARN_COMMA = YES;
				CLANG_WARN_CONSTANT_CONVERSION = YES;
				CLANG_WARN_DEPRECATED_OBJC_IMPLEMENTATIONS = YES;
				CLANG_WARN_DIRECT_OBJC_ISA_USAGE = YES_ERROR;
				CLANG_WARN_DOCUMENTATION_COMMENTS = YES;
				CLANG_WARN_EMPTY_BODY = YES;
				CLANG_WARN_ENUM_CONVERSION = YES;
				CLANG_WARN_INFINITE_RECURSION = YES;
				CLANG_WARN_INT_CONVERSION = YES;
				CLANG_WARN_NON_LITERAL_NULL_CONVERSION = YES;
				CLANG_WARN_OBJC_IMPLICIT_RETAIN_SELF = YES;
				CLANG_WARN_OBJC_LITERAL_CONVERSION = YES;
				CLANG_WARN_OBJC_ROOT_CLASS = YES_ERROR;
				CLANG_WARN_QUOTED_INCLUDE_IN_FRAMEWORK_HEADER = YES;
				CLANG_WARN_RANGE_LOOP_ANALYSIS = YES;
				CLANG_WARN_STRICT_PROTOTYPES = YES;
				CLANG_WARN_SUSPICIOUS_MOVE = YES;
				CLANG_WARN_UNGUARDED_AVAILABILITY = YES_AGGRESSIVE;
				CLANG_WARN_UNREACHABLE_CODE = YES;
				CLANG_WARN__DUPLICATE_METHOD_MATCH = YES;
				COPY_PHASE_STRIP = NO;
				DEBUG_INFORMATION_FORMAT = "dwarf-with-dsym";
				ENABLE_NS_ASSERTIONS = NO;
				ENABLE_STRICT_OBJC_MSGSEND = YES;
				GCC_C_LANGUAGE_STANDARD = gnu11;
				GCC_NO_COMMON_BLOCKS = YES;
				GCC_WARN_64_TO_32_BIT_CONVERSION = YES;
				GCC_WARN_ABOUT_RETURN_TYPE = YES_ERROR;
				GCC_WARN_UNDECLARED_SELECTOR = YES;
				GCC_WARN_UNINITIALIZED_AUTOS = YES_AGGRESSIVE;
				GCC_WARN_UNUSED_FUNCTION = YES;
				GCC_WARN_UNUSED_VARIABLE = YES;
				IPHONEOS_DEPLOYMENT_TARGET = 15.0;
				MTL_ENABLE_DEBUG_INFO = NO;
				MTL_FAST_MATH = YES;
				SDKROOT = iphoneos;
				SWIFT_COMPILATION_MODE = wholemodule;
				SWIFT_OPTIMIZATION_LEVEL = "-O";
				VALIDATE_PRODUCT = YES;
			};
			name = Release;
		};
		DE992E3F2767371000D1295E /* Debug */ = {
			isa = XCBuildConfiguration;
			buildSettings = {
				ASSETCATALOG_COMPILER_APPICON_NAME = AppIcon;
				ASSETCATALOG_COMPILER_GLOBAL_ACCENT_COLOR_NAME = AccentColor;
				CODE_SIGN_STYLE = Automatic;
				CURRENT_PROJECT_VERSION = 1;
				DEVELOPMENT_TEAM = 8FV86KP9HG;
				GENERATE_INFOPLIST_FILE = YES;
				INFOPLIST_FILE = CryptoFollow/Info.plist;
				INFOPLIST_KEY_UIApplicationSupportsIndirectInputEvents = YES;
				INFOPLIST_KEY_UILaunchStoryboardName = LaunchScreen;
				INFOPLIST_KEY_UIMainStoryboardFile = Main;
				INFOPLIST_KEY_UISupportedInterfaceOrientations_iPad = "UIInterfaceOrientationPortrait UIInterfaceOrientationPortraitUpsideDown UIInterfaceOrientationLandscapeLeft UIInterfaceOrientationLandscapeRight";
				INFOPLIST_KEY_UISupportedInterfaceOrientations_iPhone = "UIInterfaceOrientationPortrait UIInterfaceOrientationLandscapeLeft UIInterfaceOrientationLandscapeRight";
				LD_RUNPATH_SEARCH_PATHS = (
					"$(inherited)",
					"@executable_path/Frameworks",
				);
				MARKETING_VERSION = 1.0;
				PRODUCT_BUNDLE_IDENTIFIER = melike.CryptoFollow;
				PRODUCT_NAME = "$(TARGET_NAME)";
				SWIFT_EMIT_LOC_STRINGS = YES;
				SWIFT_VERSION = 5.0;
				TARGETED_DEVICE_FAMILY = "1,2";
			};
			name = Debug;
		};
		DE992E402767371000D1295E /* Release */ = {
			isa = XCBuildConfiguration;
			buildSettings = {
				ASSETCATALOG_COMPILER_APPICON_NAME = AppIcon;
				ASSETCATALOG_COMPILER_GLOBAL_ACCENT_COLOR_NAME = AccentColor;
				CODE_SIGN_STYLE = Automatic;
				CURRENT_PROJECT_VERSION = 1;
				DEVELOPMENT_TEAM = 8FV86KP9HG;
				GENERATE_INFOPLIST_FILE = YES;
				INFOPLIST_FILE = CryptoFollow/Info.plist;
				INFOPLIST_KEY_UIApplicationSupportsIndirectInputEvents = YES;
				INFOPLIST_KEY_UILaunchStoryboardName = LaunchScreen;
				INFOPLIST_KEY_UIMainStoryboardFile = Main;
				INFOPLIST_KEY_UISupportedInterfaceOrientations_iPad = "UIInterfaceOrientationPortrait UIInterfaceOrientationPortraitUpsideDown UIInterfaceOrientationLandscapeLeft UIInterfaceOrientationLandscapeRight";
				INFOPLIST_KEY_UISupportedInterfaceOrientations_iPhone = "UIInterfaceOrientationPortrait UIInterfaceOrientationLandscapeLeft UIInterfaceOrientationLandscapeRight";
				LD_RUNPATH_SEARCH_PATHS = (
					"$(inherited)",
					"@executable_path/Frameworks",
				);
				MARKETING_VERSION = 1.0;
				PRODUCT_BUNDLE_IDENTIFIER = melike.CryptoFollow;
				PRODUCT_NAME = "$(TARGET_NAME)";
				SWIFT_EMIT_LOC_STRINGS = YES;
				SWIFT_VERSION = 5.0;
				TARGETED_DEVICE_FAMILY = "1,2";
			};
			name = Release;
		};
/* End XCBuildConfiguration section */

/* Begin XCConfigurationList section */
		DE992E252767370C00D1295E /* Build configuration list for PBXProject "CryptoFollow" */ = {
			isa = XCConfigurationList;
			buildConfigurations = (
				DE992E3C2767371000D1295E /* Debug */,
				DE992E3D2767371000D1295E /* Release */,
			);
			defaultConfigurationIsVisible = 0;
			defaultConfigurationName = Release;
		};
		DE992E3E2767371000D1295E /* Build configuration list for PBXNativeTarget "CryptoFollow" */ = {
			isa = XCConfigurationList;
			buildConfigurations = (
				DE992E3F2767371000D1295E /* Debug */,
				DE992E402767371000D1295E /* Release */,
			);
			defaultConfigurationIsVisible = 0;
			defaultConfigurationName = Release;
		};
/* End XCConfigurationList section */
	};
	rootObject = DE992E222767370C00D1295E /* Project object */;
}
